
Microsoft Visual Studio Solution File, Format Version 12.00
# Visual Studio Version 17
VisualStudioVersion = 17.0.31903.59
MinimumVisualStudioVersion = 10.0.40219.1
Project("{2150E333-8FDC-42A3-9474-1A3956D46DE8}") = "src", "src", "{03B12658-B5EA-4FA6-824F-577F5358E7AE}"
EndProject
Project("{FAE04EC0-301F-11D3-BF4B-00C04F79EFBC}") = "Dapper.Infrastructure", "src\Dapper.Infrastructure\Dapper.Infrastructure.csproj", "{892D142A-C281-4566-A29D-8E478A54D5DB}"
EndProject
Project("{2150E333-8FDC-42A3-9474-1A3956D46DE8}") = "test", "test", "{FB33C50E-9F47-4852-AACA-6E09E61181E7}"
EndProject
Project("{FAE04EC0-301F-11D3-BF4B-00C04F79EFBC}") = "Dapper.Infrastructure.Test", "test\Dapper.Infrastructure.Test\Dapper.Infrastructure.Test.csproj", "{D2ED9D41-C333-4AD0-A489-A75DB34CFA9F}"
EndProject
Project("{FAE04EC0-301F-11D3-BF4B-00C04F79EFBC}") = "Dapper.Domain", "src\Dapper.Domain\Dapper.Domain.csproj", "{974BA0BF-9E0B-4D07-86BC-1C309884F84C}"
EndProject
Project("{FAE04EC0-301F-11D3-BF4B-00C04F79EFBC}") = "Dapper.Application", "src\Dapper.Application\Dapper.Application.csproj", "{78E466D0-C5E6-42BB-9F70-F72527133A62}"
EndProject
Project("{FAE04EC0-301F-11D3-BF4B-00C04F79EFBC}") = "Dapper.Presentation", "src\Dapper.Presentation\Dapper.Presentation.csproj", "{722333B8-CF8E-4175-A929-D47536033458}"
EndProject
Global
	GlobalSection(SolutionConfigurationPlatforms) = preSolution
		Debug|Any CPU = Debug|Any CPU
		Release|Any CPU = Release|Any CPU
	EndGlobalSection
	GlobalSection(SolutionProperties) = preSolution
		HideSolutionNode = FALSE
	EndGlobalSection
	GlobalSection(ProjectConfigurationPlatforms) = postSolution
		{892D142A-C281-4566-A29D-8E478A54D5DB}.Debug|Any CPU.ActiveCfg = Debug|Any CPU
		{892D142A-C281-4566-A29D-8E478A54D5DB}.Debug|Any CPU.Build.0 = Debug|Any CPU
		{892D142A-C281-4566-A29D-8E478A54D5DB}.Release|Any CPU.ActiveCfg = Release|Any CPU
		{892D142A-C281-4566-A29D-8E478A54D5DB}.Release|Any CPU.Build.0 = Release|Any CPU
		{D2ED9D41-C333-4AD0-A489-A75DB34CFA9F}.Debug|Any CPU.ActiveCfg = Debug|Any CPU
		{D2ED9D41-C333-4AD0-A489-A75DB34CFA9F}.Debug|Any CPU.Build.0 = Debug|Any CPU
		{D2ED9D41-C333-4AD0-A489-A75DB34CFA9F}.Release|Any CPU.ActiveCfg = Release|Any CPU
		{D2ED9D41-C333-4AD0-A489-A75DB34CFA9F}.Release|Any CPU.Build.0 = Release|Any CPU
		{974BA0BF-9E0B-4D07-86BC-1C309884F84C}.Debug|Any CPU.ActiveCfg = Debug|Any CPU
		{974BA0BF-9E0B-4D07-86BC-1C309884F84C}.Debug|Any CPU.Build.0 = Debug|Any CPU
		{974BA0BF-9E0B-4D07-86BC-1C309884F84C}.Release|Any CPU.ActiveCfg = Release|Any CPU
		{974BA0BF-9E0B-4D07-86BC-1C309884F84C}.Release|Any CPU.Build.0 = Release|Any CPU
		{78E466D0-C5E6-42BB-9F70-F72527133A62}.Debug|Any CPU.ActiveCfg = Debug|Any CPU
		{78E466D0-C5E6-42BB-9F70-F72527133A62}.Debug|Any CPU.Build.0 = Debug|Any CPU
		{78E466D0-C5E6-42BB-9F70-F72527133A62}.Release|Any CPU.ActiveCfg = Release|Any CPU
		{78E466D0-C5E6-42BB-9F70-F72527133A62}.Release|Any CPU.Build.0 = Release|Any CPU
		{722333B8-CF8E-4175-A929-D47536033458}.Debug|Any CPU.ActiveCfg = Debug|Any CPU
		{722333B8-CF8E-4175-A929-D47536033458}.Debug|Any CPU.Build.0 = Debug|Any CPU
		{722333B8-CF8E-4175-A929-D47536033458}.Release|Any CPU.ActiveCfg = Release|Any CPU
		{722333B8-CF8E-4175-A929-D47536033458}.Release|Any CPU.Build.0 = Release|Any CPU
	EndGlobalSection
	GlobalSection(NestedProjects) = preSolution
		{892D142A-C281-4566-A29D-8E478A54D5DB} = {03B12658-B5EA-4FA6-824F-577F5358E7AE}
		{D2ED9D41-C333-4AD0-A489-A75DB34CFA9F} = {FB33C50E-9F47-4852-AACA-6E09E61181E7}
		{974BA0BF-9E0B-4D07-86BC-1C309884F84C} = {03B12658-B5EA-4FA6-824F-577F5358E7AE}
		{78E466D0-C5E6-42BB-9F70-F72527133A62} = {03B12658-B5EA-4FA6-824F-577F5358E7AE}
		{722333B8-CF8E-4175-A929-D47536033458} = {03B12658-B5EA-4FA6-824F-577F5358E7AE}
	EndGlobalSection
EndGlobal
